PODS:
  - Flutter (1.0.0)
  - integration_test (0.0.1):
    - Flutter
  - nfc_util (0.0.1):
    - Flutter

DEPENDENCIES:
  - Flutter (from `Flutter`)
  - integration_test (from `.symlinks/plugins/integration_test/ios`)
  - nfc_util (from `.symlinks/plugins/nfc_util/ios`)

EXTERNAL SOURCES:
  Flutter:
    :path: Flutter
  integration_test:
    :path: ".symlinks/plugins/integration_test/ios"
  nfc_util:
    :path: ".symlinks/plugins/nfc_util/ios"

SPEC CHECKSUMS:
  Flutter: cabc95a1d2626b1b06e7179b784ebcf0c0cde467
  integration_test: 252f60fa39af5e17c3aa9899d35d908a0721b573
  nfc_util: 78bceb9f8bd40a9bfc989595db420816f3041b24

PODFILE CHECKSUM: ae9e65fc23486119b8e977fd41d9213f251e537a

COCOAPODS: 1.16.2
